{
  "name": "network",
  "version": "1.0.0",
  "lockfileVersion": 3,
  "requires": true,
  "packages": {
    "": {
      "name": "network",
      "version": "1.0.0",
      "license": "ISC",
      "dependencies": {
        "@2toad/profanity": "^3.0.0"
      }
    },
    "node_modules/@2toad/profanity": {
      "version": "3.0.0",
      "resolved": "https://registry.npmjs.org/@2toad/profanity/-/profanity-3.0.0.tgz",
      "integrity": "sha512-Vp+KXQBAH5E29gIHHwpVZbUDkjLKnNAsT3ztg9e6rhXM77MMkmTsYCCQZ7GHhslCaBNxqiRmMf9LO8uXYGcypw==",
      "license": "MIT",
      "engines": {
        "node": ">=12"
      }
    }
  }
}
